
Microsoft Visual Studio Solution File, Format Version 12.00
# Visual Studio Version 17
VisualStudioVersion = 17.0.31903.59
MinimumVisualStudioVersion = 10.0.40219.1
Project("{9A19103F-16F7-4668-BE54-9A1E7A4F7556}") = "Spoon", "Spoon\Spoon.csproj", "{41009E91-5D98-4525-B712-C9619BCE9503}"
EndProject
Project("{9A19103F-16F7-4668-BE54-9A1E7A4F7556}") = "Spoon.Tests", "Spoon.Tests\Spoon.Tests.csproj", "{36306238-023F-4BF3-9134-3A816C042C10}"
EndProject
Global
	GlobalSection(SolutionConfigurationPlatforms) = preSolution
		Debug|Any CPU = Debug|Any CPU
		Release|Any CPU = Release|Any CPU
	EndGlobalSection
	GlobalSection(ProjectConfigurationPlatforms) = postSolution
		{41009E91-5D98-4525-B712-C9619BCE9503}.Debug|Any CPU.ActiveCfg = Debug|Any CPU
		{41009E91-5D98-4525-B712-C9619BCE9503}.Debug|Any CPU.Build.0 = Debug|Any CPU
		{41009E91-5D98-4525-B712-C9619BCE9503}.Release|Any CPU.ActiveCfg = Release|Any CPU
		{41009E91-5D98-4525-B712-C9619BCE9503}.Release|Any CPU.Build.0 = Release|Any CPU
		{36306238-023F-4BF3-9134-3A816C042C10}.Debug|Any CPU.ActiveCfg = Debug|Any CPU
		{36306238-023F-4BF3-9134-3A816C042C10}.Debug|Any CPU.Build.0 = Debug|Any CPU
		{36306238-023F-4BF3-9134-3A816C042C10}.Release|Any CPU.ActiveCfg = Release|Any CPU
		{36306238-023F-4BF3-9134-3A816C042C10}.Release|Any CPU.Build.0 = Release|Any CPU
	EndGlobalSection
	GlobalSection(SolutionProperties) = preSolution
		HideSolutionNode = FALSE
	EndGlobalSection
EndGlobal
